
Microsoft Visual Studio Solution File, Format Version 12.00
# Visual Studio Version 17
VisualStudioVersion = 17.5.33424.131
MinimumVisualStudioVersion = 10.0.40219.1
Project("{8BC9CEB8-8B4A-11D0-8D11-00A0C91BC942}") = "Sandbox", "Sandbox\Sandbox.vcxproj", "{4E3C1C88-A820-4545-8287-477997D75EC1}"
EndProject
Project("{8BC9CEB8-8B4A-11D0-8D11-00A0C91BC942}") = "Pandora", "Pandora\Pandora.vcxproj", "{59259FED-7B03-40A9-B6CE-B66129CEEF2E}"
EndProject
Global
	GlobalSection(SolutionConfigurationPlatforms) = preSolution
		Debug|x64 = Debug|x64
		Debug|x86 = Debug|x86
		Release|x64 = Release|x64
		Release|x86 = Release|x86
	EndGlobalSection
	GlobalSection(ProjectConfigurationPlatforms) = postSolution
		{59259FED-7B03-40A9-B6CE-B66129CEEF2E}.Debug|x64.ActiveCfg = Debug|x64
		{59259FED-7B03-40A9-B6CE-B66129CEEF2E}.Debug|x64.Build.0 = Debug|x64
		{59259FED-7B03-40A9-B6CE-B66129CEEF2E}.Debug|x86.ActiveCfg = Debug|x64
		{59259FED-7B03-40A9-B6CE-B66129CEEF2E}.Debug|x86.Build.0 = Debug|x64
		{59259FED-7B03-40A9-B6CE-B66129CEEF2E}.Release|x64.ActiveCfg = Release|x64
		{59259FED-7B03-40A9-B6CE-B66129CEEF2E}.Release|x64.Build.0 = Release|x64
		{59259FED-7B03-40A9-B6CE-B66129CEEF2E}.Release|x86.ActiveCfg = Release|x64
		{59259FED-7B03-40A9-B6CE-B66129CEEF2E}.Release|x86.Build.0 = Release|x64
		{4E3C1C88-A820-4545-8287-477997D75EC1}.Debug|x64.ActiveCfg = Debug|x64
		{4E3C1C88-A820-4545-8287-477997D75EC1}.Debug|x64.Build.0 = Debug|x64
		{4E3C1C88-A820-4545-8287-477997D75EC1}.Debug|x86.ActiveCfg = Debug|x64
		{4E3C1C88-A820-4545-8287-477997D75EC1}.Release|x64.ActiveCfg = Release|x64
		{4E3C1C88-A820-4545-8287-477997D75EC1}.Release|x64.Build.0 = Release|x64
		{4E3C1C88-A820-4545-8287-477997D75EC1}.Release|x86.ActiveCfg = Release|x64
	EndGlobalSection
	GlobalSection(SolutionProperties) = preSolution
		HideSolutionNode = FALSE
	EndGlobalSection
	GlobalSection(ExtensibilityGlobals) = postSolution
		SolutionGuid = {EE0A9DF0-9CDC-4509-B69B-C84A2557811E}
	EndGlobalSection
EndGlobal
